
Microsoft Visual Studio Solution File, Format Version 12.00
# Visual Studio Version 16
VisualStudioVersion = 16.0.29709.97
MinimumVisualStudioVersion = 10.0.40219.1
Project("{FAE04EC0-301F-11D3-BF4B-00C04F79EFBC}") = "learningmvc", "learningmvc.csproj", "{A9BB3CC8-9A40-47E9-8D7A-11FC73B46C50}"
EndProject
Project("{FAE04EC0-301F-11D3-BF4B-00C04F79EFBC}") = "learningmvc.Tests", "..\learningmvc.Tests\learningmvc.Tests.csproj", "{95CC5BD9-179C-4075-BD41-705CD0F0A9F2}"
EndProject
Global
	GlobalSection(SolutionConfigurationPlatforms) = preSolution
		Debug|Any CPU = Debug|Any CPU
		Release|Any CPU = Release|Any CPU
	EndGlobalSection
	GlobalSection(ProjectConfigurationPlatforms) = postSolution
		{A9BB3CC8-9A40-47E9-8D7A-11FC73B46C50}.Debug|Any CPU.ActiveCfg = Debug|Any CPU
		{A9BB3CC8-9A40-47E9-8D7A-11FC73B46C50}.Debug|Any CPU.Build.0 = Debug|Any CPU
		{A9BB3CC8-9A40-47E9-8D7A-11FC73B46C50}.Release|Any CPU.ActiveCfg = Release|Any CPU
		{A9BB3CC8-9A40-47E9-8D7A-11FC73B46C50}.Release|Any CPU.Build.0 = Release|Any CPU
		{95CC5BD9-179C-4075-BD41-705CD0F0A9F2}.Debug|Any CPU.ActiveCfg = Debug|Any CPU
		{95CC5BD9-179C-4075-BD41-705CD0F0A9F2}.Debug|Any CPU.Build.0 = Debug|Any CPU
		{95CC5BD9-179C-4075-BD41-705CD0F0A9F2}.Release|Any CPU.ActiveCfg = Release|Any CPU
		{95CC5BD9-179C-4075-BD41-705CD0F0A9F2}.Release|Any CPU.Build.0 = Release|Any CPU
	EndGlobalSection
	GlobalSection(SolutionProperties) = preSolution
		HideSolutionNode = FALSE
	EndGlobalSection
	GlobalSection(ExtensibilityGlobals) = postSolution
		SolutionGuid = {979415B0-0DAD-4264-B78F-497AC17A0933}
	EndGlobalSection
EndGlobal
